// !$*UTF8*$!
{
	archiveVersion = 1;
	classes = {
	};
	objectVersion = 52;
	objects = {

/* Begin PBXBuildFile section */
		33AA5E102630E2D500A3E3E2 /* AppDelegate.swift in Sources */ = {isa = PBXBuildFile; fileRef = 33AA5E0F2630E2D500A3E3E2 /* AppDelegate.swift */; };
		33AA5E122630E2D500A3E3E2 /* SceneDelegate.swift in Sources */ = {isa = PBXBuildFile; fileRef = 33AA5E112630E2D500A3E3E2 /* SceneDelegate.swift */; };
		33AA5E142630E2D500A3E3E2 /* ViewController.swift in Sources */ = {isa = PBXBuildFile; fileRef = 33AA5E132630E2D500A3E3E2 /* ViewController.swift */; };
		33AA5E172630E2D500A3E3E2 /* Main.storyboard in Resources */ = {isa = PBXBuildFile; fileRef = 33AA5E152630E2D500A3E3E2 /* Main.storyboard */; };
		33AA5E192630E2D500A3E3E2 /* Assets.xcassets in Resources */ = {isa = PBXBuildFile; fileRef = 33AA5E182630E2D500A3E3E2 /* Assets.xcassets */; };
		33AA5E1C2630E2D500A3E3E2 /* LaunchScreen.storyboard in Resources */ = {isa = PBXBuildFile; fileRef = 33AA5E1A2630E2D500A3E3E2 /* LaunchScreen.storyboard */; };
		33AA5E282630E2F900A3E3E2 /* CoordinateEditor in Frameworks */ = {isa = PBXBuildFile; productRef = 33AA5E272630E2F900A3E3E2 /* CoordinateEditor */; };
/* End PBXBuildFile section */

/* Begin PBXFileReference section */
		33AA5E0C2630E2D500A3E3E2 /* Demo.app */ = {isa = PBXFileReference; explicitFileType = wrapper.application; includeInIndex = 0; path = Demo.app; sourceTree = BUILT_PRODUCTS_DIR; };
		33AA5E0F2630E2D500A3E3E2 /* AppDelegate.swift */ = {isa = PBXFileReference; lastKnownFileType = sourcecode.swift; path = AppDelegate.swift; sourceTree = "<group>"; };
		33AA5E112630E2D500A3E3E2 /* SceneDelegate.swift */ = {isa = PBXFileReference; lastKnownFileType = sourcecode.swift; path = SceneDelegate.swift; sourceTree = "<group>"; };
		33AA5E132630E2D500A3E3E2 /* ViewController.swift */ = {isa = PBXFileReference; lastKnownFileType = sourcecode.swift; path = ViewController.swift; sourceTree = "<group>"; };
		33AA5E162630E2D500A3E3E2 /* Base */ = {isa = PBXFileReference; lastKnownFileType = file.storyboard; name = Base; path = Base.lproj/Main.storyboard; sourceTree = "<group>"; };
		33AA5E182630E2D500A3E3E2 /* Assets.xcassets */ = {isa = PBXFileReference; lastKnownFileType = folder.assetcatalog; path = Assets.xcassets; sourceTree = "<group>"; };
		33AA5E1B2630E2D500A3E3E2 /* Base */ = {isa = PBXFileReference; lastKnownFileType = file.storyboard; name = Base; path = Base.lproj/LaunchScreen.storyboard; sourceTree = "<group>"; };
		33AA5E1D2630E2D500A3E3E2 /* Info.plist */ = {isa = PBXFileReference; lastKnownFileType = text.plist.xml; path = Info.plist; sourceTree = "<group>"; };
		33AA5E242630E2E800A3E3E2 /* CoordinateEditor */ = {isa = PBXFileReference; lastKnownFileType = folder; name = CoordinateEditor; path = ..; sourceTree = "<group>"; };
/* End PBXFileReference section */

/* Begin PBXFrameworksBuildPhase section */
		33AA5E092630E2D500A3E3E2 /* Frameworks */ = {
			isa = PBXFrameworksBuildPhase;
			buildActionMask = 2147483647;
			files = (
				33AA5E282630E2F900A3E3E2 /* CoordinateEditor in Frameworks */,
			);
			runOnlyForDeploymentPostprocessing = 0;
		};
/* End PBXFrameworksBuildPhase section */

/* Begin PBXGroup section */
		33AA5E032630E2D500A3E3E2 = {
			isa = PBXGroup;
			children = (
				33AA5E0E2630E2D500A3E3E2 /* Demo */,
				33AA5E0D2630E2D500A3E3E2 /* Products */,
				33AA5E262630E2F900A3E3E2 /* Frameworks */,
			);
			sourceTree = "<group>";
		};
		33AA5E0D2630E2D500A3E3E2 /* Products */ = {
			isa = PBXGroup;
			children = (
				33AA5E0C2630E2D500A3E3E2 /* Demo.app */,
			);
			name = Products;
			sourceTree = "<group>";
		};
		33AA5E0E2630E2D500A3E3E2 /* Demo */ = {
			isa = PBXGroup;
			children = (
				33AA5E0F2630E2D500A3E3E2 /* AppDelegate.swift */,
				33AA5E112630E2D500A3E3E2 /* SceneDelegate.swift */,
				33AA5E132630E2D500A3E3E2 /* ViewController.swift */,
				33AA5E152630E2D500A3E3E2 /* Main.storyboard */,
				33AA5E182630E2D500A3E3E2 /* Assets.xcassets */,
				33AA5E1A2630E2D500A3E3E2 /* LaunchScreen.storyboard */,
				33AA5E1D2630E2D500A3E3E2 /* Info.plist */,
			);
			path = Demo;
			sourceTree = "<group>";
		};
		33AA5E262630E2F900A3E3E2 /* Frameworks */ = {
			isa = PBXGroup;
			children = (
				33AA5E242630E2E800A3E3E2 /* CoordinateEditor */,
			);
			name = Frameworks;
			sourceTree = "<group>";
		};
/* End PBXGroup section */

/* Begin PBXNativeTarget section */
		33AA5E0B2630E2D500A3E3E2 /* Demo */ = {
			isa = PBXNativeTarget;
			buildConfigurationList = 33AA5E202630E2D500A3E3E2 /* Build configuration list for PBXNativeTarget "Demo" */;
			buildPhases = (
				33AA5E082630E2D500A3E3E2 /* Sources */,
				33AA5E092630E2D500A3E3E2 /* Frameworks */,
				33AA5E0A2630E2D500A3E3E2 /* Resources */,
			);
			buildRules = (
			);
			dependencies = (
			);
			name = Demo;
			packageProductDependencies = (
				33AA5E272630E2F900A3E3E2 /* CoordinateEditor */,
			);
			productName = Demo;
			productReference = 33AA5E0C2630E2D500A3E3E2 /* Demo.app */;
			productType = "com.apple.product-type.application";
		};
/* End PBXNativeTarget section */

/* Begin PBXProject section */
		33AA5E042630E2D500A3E3E2 /* Project object */ = {
			isa = PBXProject;
			attributes = {
				LastSwiftUpdateCheck = 1240;
				LastUpgradeCheck = 1240;
				TargetAttributes = {
					33AA5E0B2630E2D500A3E3E2 = {
						CreatedOnToolsVersion = 12.4;
					};
				};
			};
			buildConfigurationList = 33AA5E072630E2D500A3E3E2 /* Build configuration list for PBXProject "Demo" */;
			compatibilityVersion = "Xcode 9.3";
			developmentRegion = en;
			hasScannedForEncodings = 0;
			knownRegions = (
				en,
				Base,
			);
			mainGroup = 33AA5E032630E2D500A3E3E2;
			productRefGroup = 33AA5E0D2630E2D500A3E3E2 /* Products */;
			projectDirPath = "";
			projectRoot = "";
			targets = (
				33AA5E0B2630E2D500A3E3E2 /* Demo */,
			);
		};
/* End PBXProject section */

/* Begin PBXResourcesBuildPhase section */
		33AA5E0A2630E2D500A3E3E2 /* Resources */ = {
			isa = PBXResourcesBuildPhase;
			buildActionMask = 2147483647;
			files = (
				33AA5E1C2630E2D500A3E3E2 /* LaunchScreen.storyboard in Resources */,
				33AA5E192630E2D500A3E3E2 /* Assets.xcassets in Resources */,
				33AA5E172630E2D500A3E3E2 /* Main.storyboard in Resources */,
			);
			runOnlyForDeploymentPostprocessing = 0;
		};
/* End PBXResourcesBuildPhase section */

/* Begin PBXSourcesBuildPhase section */
		33AA5E082630E2D500A3E3E2 /* Sources */ = {
			isa = PBXSourcesBuildPhase;
			buildActionMask = 2147483647;
			files = (
				33AA5E142630E2D500A3E3E2 /* ViewController.swift in Sources */,
				33AA5E102630E2D500A3E3E2 /* AppDelegate.swift in Sources */,
				33AA5E122630E2D500A3E3E2 /* SceneDelegate.swift in Sources */,
			);
			runOnlyForDeploymentPostprocessing = 0;
		};
/* End PBXSourcesBuildPhase section */

/* Begin PBXVariantGroup section */
		33AA5E152630E2D500A3E3E2 /* Main.storyboard */ = {
			isa = PBXVariantGroup;
			children = (
				33AA5E162630E2D500A3E3E2 /* Base */,
			);
			name = Main.storyboard;
			sourceTree = "<group>";
		};
		33AA5E1A2630E2D500A3E3E2 /* LaunchScreen.storyboard */ = {
			isa = PBXVariantGroup;
			children = (
				33AA5E1B2630E2D500A3E3E2 /* Base */,
			);
			name = LaunchScreen.storyboard;
			sourceTree = "<group>";
		};
/* End PBXVariantGroup section */

/* Begin XCBuildConfiguration section */
		33AA5E1E2630E2D500A3E3E2 /* Debug */ = {
			isa = XCBuildConfiguration;
			buildSettings = {
				ALWAYS_SEARCH_USER_PATHS = NO;
				CLANG_ANALYZER_NONNULL = YES;
				CLANG_ANALYZER_NUMBER_OBJECT_CONVERSION = YES_AGGRESSIVE;
				CLANG_CXX_LANGUAGE_STANDARD = "gnu++14";
				CLANG_CXX_LIBRARY = "libc++";
				CLANG_ENABLE_MODULES = YES;
				CLANG_ENABLE_OBJC_ARC = YES;
				CLANG_ENABLE_OBJC_WEAK = YES;
				CLANG_WARN_BLOCK_CAPTURE_AUTORELEASING = YES;
				CLANG_WARN_BOOL_CONVERSION = YES;
				CLANG_WARN_COMMA = YES;
				CLANG_WARN_CONSTANT_CONVERSION = YES;
				CLANG_WARN_DEPRECATED_OBJC_IMPLEMENTATIONS = YES;
				CLANG_WARN_DIRECT_OBJC_ISA_USAGE = YES_ERROR;
				CLANG_WARN_DOCUMENTATION_COMMENTS = YES;
				CLANG_WARN_EMPTY_BODY = YES;
				CLANG_WARN_ENUM_CONVERSION = YES;
				CLANG_WARN_INFINITE_RECURSION = YES;
				CLANG_WARN_INT_CONVERSION = YES;
				CLANG_WARN_NON_LITERAL_NULL_CONVERSION = YES;
				CLANG_WARN_OBJC_IMPLICIT_RETAIN_SELF = YES;
				CLANG_WARN_OBJC_LITERAL_CONVERSION = YES;
				CLANG_WARN_OBJC_ROOT_CLASS = YES_ERROR;
				CLANG_WARN_QUOTED_INCLUDE_IN_FRAMEWORK_HEADER = YES;
				CLANG_WARN_RANGE_LOOP_ANALYSIS = YES;
				CLANG_WARN_STRICT_PROTOTYPES = YES;
				CLANG_WARN_SUSPICIOUS_MOVE = YES;
				CLANG_WARN_UNGUARDED_AVAILABILITY = YES_AGGRESSIVE;
				CLANG_WARN_UNREACHABLE_CODE = YES;
				CLANG_WARN__DUPLICATE_METHOD_MATCH = YES;
				COPY_PHASE_STRIP = NO;
				DEBUG_INFORMATION_FORMAT = dwarf;
				ENABLE_STRICT_OBJC_MSGSEND = YES;
				ENABLE_TESTABILITY = YES;
				GCC_C_LANGUAGE_STANDARD = gnu11;
				GCC_DYNAMIC_NO_PIC = NO;
				GCC_NO_COMMON_BLOCKS = YES;
				GCC_OPTIMIZATION_LEVEL = 0;
				GCC_PREPROCESSOR_DEFINITIONS = (
					"DEBUG=1",
					"$(inherited)",
				);
				GCC_WARN_64_TO_32_BIT_CONVERSION = YES;
				GCC_WARN_ABOUT_RETURN_TYPE = YES_ERROR;
				GCC_WARN_UNDECLARED_SELECTOR = YES;
				GCC_WARN_UNINITIALIZED_AUTOS = YES_AGGRESSIVE;
				GCC_WARN_UNUSED_FUNCTION = YES;
				GCC_WARN_UNUSED_VARIABLE = YES;
				IPHONEOS_DEPLOYMENT_TARGET = 14.4;
				MTL_ENABLE_DEBUG_INFO = INCLUDE_SOURCE;
				MTL_FAST_MATH = YES;
				ONLY_ACTIVE_ARCH = YES;
				SDKROOT = iphoneos;
				SWIFT_ACTIVE_COMPILATION_CONDITIONS = DEBUG;
				SWIFT_OPTIMIZATION_LEVEL = "-Onone";
			};
			name = Debug;
		};
		33AA5E1F2630E2D500A3E3E2 /* Release */ = {
			isa = XCBuildConfiguration;
			buildSettings = {
				ALWAYS_SEARCH_USER_PATHS = NO;
				CLANG_ANALYZER_NONNULL = YES;
				CLANG_ANALYZER_NUMBER_OBJECT_CONVERSION = YES_AGGRESSIVE;
				CLANG_CXX_LANGUAGE_STANDARD = "gnu++14";
				CLANG_CXX_LIBRARY = "libc++";
				CLANG_ENABLE_MODULES = YES;
				CLANG_ENABLE_OBJC_ARC = YES;
				CLANG_ENABLE_OBJC_WEAK = YES;
				CLANG_WARN_BLOCK_CAPTURE_AUTORELEASING = YES;
				CLANG_WARN_BOOL_CONVERSION = YES;
				CLANG_WARN_COMMA = YES;
				CLANG_WARN_CONSTANT_CONVERSION = YES;
				CLANG_WARN_DEPRECATED_OBJC_IMPLEMENTATIONS = YES;
				CLANG_WARN_DIRECT_OBJC_ISA_USAGE = YES_ERROR;
				CLANG_WARN_DOCUMENTATION_COMMENTS = YES;
				CLANG_WARN_EMPTY_BODY = YES;
				CLANG_WARN_ENUM_CONVERSION = YES;
				CLANG_WARN_INFINITE_RECURSION = YES;
				CLANG_WARN_INT_CONVERSION = YES;
				CLANG_WARN_NON_LITERAL_NULL_CONVERSION = YES;
				CLANG_WARN_OBJC_IMPLICIT_RETAIN_SELF = YES;
				CLANG_WARN_OBJC_LITERAL_CONVERSION = YES;
				CLANG_WARN_OBJC_ROOT_CLASS = YES_ERROR;
				CLANG_WARN_QUOTED_INCLUDE_IN_FRAMEWORK_HEADER = YES;
				CLANG_WARN_RANGE_LOOP_ANALYSIS = YES;
				CLANG_WARN_STRICT_PROTOTYPES = YES;
				CLANG_WARN_SUSPICIOUS_MOVE = YES;
				CLANG_WARN_UNGUARDED_AVAILABILITY = YES_AGGRESSIVE;
				CLANG_WARN_UNREACHABLE_CODE = YES;
				CLANG_WARN__DUPLICATE_METHOD_MATCH = YES;
				COPY_PHASE_STRIP = NO;
				DEBUG_INFORMATION_FORMAT = "dwarf-with-dsym";
				ENABLE_NS_ASSERTIONS = NO;
				ENABLE_STRICT_OBJC_MSGSEND = YES;
				GCC_C_LANGUAGE_STANDARD = gnu11;
				GCC_NO_COMMON_BLOCKS = YES;
				GCC_WARN_64_TO_32_BIT_CONVERSION = YES;
				GCC_WARN_ABOUT_RETURN_TYPE = YES_ERROR;
				GCC_WARN_UNDECLARED_SELECTOR = YES;
				GCC_WARN_UNINITIALIZED_AUTOS = YES_AGGRESSIVE;
				GCC_WARN_UNUSED_FUNCTION = YES;
				GCC_WARN_UNUSED_VARIABLE = YES;
				IPHONEOS_DEPLOYMENT_TARGET = 14.4;
				MTL_ENABLE_DEBUG_INFO = NO;
				MTL_FAST_MATH = YES;
				SDKROOT = iphoneos;
				SWIFT_COMPILATION_MODE = wholemodule;
				SWIFT_OPTIMIZATION_LEVEL = "-O";
				VALIDATE_PRODUCT = YES;
			};
			name = Release;
		};
		33AA5E212630E2D500A3E3E2 /* Debug */ = {
			isa = XCBuildConfiguration;
			buildSettings = {
				ASSETCATALOG_COMPILER_APPICON_NAME = AppIcon;
				ASSETCATALOG_COMPILER_GLOBAL_ACCENT_COLOR_NAME = AccentColor;
				CODE_SIGN_STYLE = Automatic;
				DEVELOPMENT_TEAM = L5UZAT7KA9;
				INFOPLIST_FILE = Demo/Info.plist;
				LD_RUNPATH_SEARCH_PATHS = (
					"$(inherited)",
					"@executable_path/Frameworks",
				);
				PRODUCT_BUNDLE_IDENTIFIER = com.redeggproductions.Demo;
				PRODUCT_NAME = "$(TARGET_NAME)";
				SWIFT_VERSION = 5.0;
				TARGETED_DEVICE_FAMILY = "1,2";
			};
			name = Debug;
		};
		33AA5E222630E2D500A3E3E2 /* Release */ = {
			isa = XCBuildConfiguration;
			buildSettings = {
				ASSETCATALOG_COMPILER_APPICON_NAME = AppIcon;
				ASSETCATALOG_COMPILER_GLOBAL_ACCENT_COLOR_NAME = AccentColor;
				CODE_SIGN_STYLE = Automatic;
				DEVELOPMENT_TEAM = L5UZAT7KA9;
				INFOPLIST_FILE = Demo/Info.plist;
				LD_RUNPATH_SEARCH_PATHS = (
					"$(inherited)",
					"@executable_path/Frameworks",
				);
				PRODUCT_BUNDLE_IDENTIFIER = com.redeggproductions.Demo;
				PRODUCT_NAME = "$(TARGET_NAME)";
				SWIFT_VERSION = 5.0;
				TARGETED_DEVICE_FAMILY = "1,2";
			};
			name = Release;
		};
/* End XCBuildConfiguration section */

/* Begin XCConfigurationList section */
		33AA5E072630E2D500A3E3E2 /* Build configuration list for PBXProject "Demo" */ = {
			isa = XCConfigurationList;
			buildConfigurations = (
				33AA5E1E2630E2D500A3E3E2 /* Debug */,
				33AA5E1F2630E2D500A3E3E2 /* Release */,
			);
			defaultConfigurationIsVisible = 0;
			defaultConfigurationName = Release;
		};
		33AA5E202630E2D500A3E3E2 /* Build configuration list for PBXNativeTarget "Demo" */ = {
			isa = XCConfigurationList;
			buildConfigurations = (
				33AA5E212630E2D500A3E3E2 /* Debug */,
				33AA5E222630E2D500A3E3E2 /* Release */,
			);
			defaultConfigurationIsVisible = 0;
			defaultConfigurationName = Release;
		};
/* End XCConfigurationList section */

/* Begin XCSwiftPackageProductDependency section */
		33AA5E272630E2F900A3E3E2 /* CoordinateEditor */ = {
			isa = XCSwiftPackageProductDependency;
			productName = CoordinateEditor;
		};
/* End XCSwiftPackageProductDependency section */
	};
	rootObject = 33AA5E042630E2D500A3E3E2 /* Project object */;
}
